
Microsoft Visual Studio Solution File, Format Version 12.00
# Visual Studio 2012
Project("{FAE04EC0-301F-11D3-BF4B-00C04F79EFBC}") = "EjemploTimeOutRedirect", "EjemploTimeOutRedirect\EjemploTimeOutRedirect.csproj", "{A528C89A-3EF0-4340-BB8C-B2EAB44CFDE5}"
EndProject
Global
	GlobalSection(SolutionConfigurationPlatforms) = preSolution
		Debug|Any CPU = Debug|Any CPU
		Release|Any CPU = Release|Any CPU
	EndGlobalSection
	GlobalSection(ProjectConfigurationPlatforms) = postSolution
		{A528C89A-3EF0-4340-BB8C-B2EAB44CFDE5}.Debug|Any CPU.ActiveCfg = Debug|Any CPU
		{A528C89A-3EF0-4340-BB8C-B2EAB44CFDE5}.Debug|Any CPU.Build.0 = Debug|Any CPU
		{A528C89A-3EF0-4340-BB8C-B2EAB44CFDE5}.Release|Any CPU.ActiveCfg = Release|Any CPU
		{A528C89A-3EF0-4340-BB8C-B2EAB44CFDE5}.Release|Any CPU.Build.0 = Release|Any CPU
	EndGlobalSection
	GlobalSection(SolutionProperties) = preSolution
		HideSolutionNode = FALSE
	EndGlobalSection
EndGlobal
